
Microsoft Visual Studio Solution File, Format Version 12.00
# Visual Studio Version 16
VisualStudioVersion = 16.0.30011.22
MinimumVisualStudioVersion = 10.0.40219.1
Project("{FAE04EC0-301F-11D3-BF4B-00C04F79EFBC}") = "RemotingTest.Server", "RemotingTest.Server\RemotingTest.Server.csproj", "{4F841C22-7742-4B9F-8D71-CDEBD23B8D5A}"
EndProject
Project("{FAE04EC0-301F-11D3-BF4B-00C04F79EFBC}") = "RemotingTest.Client", "RemotingTest.Client\RemotingTest.Client.csproj", "{10F7097A-1F89-4CBF-8613-7ADD2DD19E39}"
EndProject
Project("{FAE04EC0-301F-11D3-BF4B-00C04F79EFBC}") = "Mzh.Public.Model", "Mzh.Public.Model\Mzh.Public.Model.csproj", "{AC560C10-F6FD-4C90-9158-903317D13A29}"
EndProject
Project("{FAE04EC0-301F-11D3-BF4B-00C04F79EFBC}") = "Mzh.Public.Base", "Mzh.Public.Base\Mzh.Public.Base.csproj", "{D1886799-BB6E-459F-90E4-8B2E081D6DD4}"
EndProject
Project("{FAE04EC0-301F-11D3-BF4B-00C04F79EFBC}") = "Mzh.Public.BLL", "Mzh.Public.Helper\Mzh.Public.BLL.csproj", "{55E40D73-C66A-42BF-83D7-0EEA015AC4CB}"
EndProject
Project("{2150E333-8FDC-42A3-9474-1A3956D46DE8}") = "MzhPublic", "MzhPublic", "{F2CB716E-D858-48AD-BE7C-1BDB42E1961E}"
EndProject
Project("{2150E333-8FDC-42A3-9474-1A3956D46DE8}") = "Service", "Service", "{87F5335F-266F-4C42-8A43-7E4E35F43068}"
EndProject
Project("{2150E333-8FDC-42A3-9474-1A3956D46DE8}") = "Client", "Client", "{E85B4787-04EA-46C5-878C-3E59A4AA97CB}"
EndProject
Project("{2150E333-8FDC-42A3-9474-1A3956D46DE8}") = "WebService", "WebService", "{27245BD2-B9CB-45BA-BDE8-F06E99B16945}"
EndProject
Project("{FAE04EC0-301F-11D3-BF4B-00C04F79EFBC}") = "Mzh.Public.DAL", "Mzh.Public.DAL\Mzh.Public.DAL.csproj", "{1224C59E-A951-43C5-B80A-D56A947E696D}"
EndProject
Project("{FAE04EC0-301F-11D3-BF4B-00C04F79EFBC}") = "Remoting.Client.Model", "Remoting.Client.Model\Remoting.Client.Model.csproj", "{EDD46301-C768-4935-82F2-7052B301EB48}"
EndProject
Project("{FAE04EC0-301F-11D3-BF4B-00C04F79EFBC}") = "Remoting.WinServer", "RemotingTest\Remoting.WinServer\Remoting.WinServer.csproj", "{AEE0309E-EA8B-4A78-BFBC-0B9B45842D4C}"
EndProject
Project("{2150E333-8FDC-42A3-9474-1A3956D46DE8}") = "Admin", "Admin", "{849ACFFF-2C30-4DDC-B373-72EF1523407D}"
EndProject
Project("{2150E333-8FDC-42A3-9474-1A3956D46DE8}") = "MiniPro", "MiniPro", "{52E9D9B0-85D3-4132-B299-5C4B52CA4979}"
EndProject
Project("{FAE04EC0-301F-11D3-BF4B-00C04F79EFBC}") = "Mzh.Shop.Admin", "WebApplication1\Mzh.Shop.Admin.csproj", "{4B230C2D-5AF9-4405-A253-C1C5097ED9BE}"
EndProject
Project("{FAE04EC0-301F-11D3-BF4B-00C04F79EFBC}") = "Mzh.Shop,Webapi", "WebApplication2\Mzh.Shop,Webapi.csproj", "{284A8037-C526-4A88-BAE6-B62E29A7E8D0}"
EndProject
Global
	GlobalSection(SolutionConfigurationPlatforms) = preSolution
		Debug|Any CPU = Debug|Any CPU
		Release|Any CPU = Release|Any CPU
	EndGlobalSection
	GlobalSection(ProjectConfigurationPlatforms) = postSolution
		{4F841C22-7742-4B9F-8D71-CDEBD23B8D5A}.Debug|Any CPU.ActiveCfg = Debug|Any CPU
		{4F841C22-7742-4B9F-8D71-CDEBD23B8D5A}.Debug|Any CPU.Build.0 = Debug|Any CPU
		{4F841C22-7742-4B9F-8D71-CDEBD23B8D5A}.Release|Any CPU.ActiveCfg = Release|Any CPU
		{4F841C22-7742-4B9F-8D71-CDEBD23B8D5A}.Release|Any CPU.Build.0 = Release|Any CPU
		{10F7097A-1F89-4CBF-8613-7ADD2DD19E39}.Debug|Any CPU.ActiveCfg = Debug|Any CPU
		{10F7097A-1F89-4CBF-8613-7ADD2DD19E39}.Debug|Any CPU.Build.0 = Debug|Any CPU
		{10F7097A-1F89-4CBF-8613-7ADD2DD19E39}.Release|Any CPU.ActiveCfg = Release|Any CPU
		{10F7097A-1F89-4CBF-8613-7ADD2DD19E39}.Release|Any CPU.Build.0 = Release|Any CPU
		{AC560C10-F6FD-4C90-9158-903317D13A29}.Debug|Any CPU.ActiveCfg = Debug|Any CPU
		{AC560C10-F6FD-4C90-9158-903317D13A29}.Debug|Any CPU.Build.0 = Debug|Any CPU
		{AC560C10-F6FD-4C90-9158-903317D13A29}.Release|Any CPU.ActiveCfg = Release|Any CPU
		{AC560C10-F6FD-4C90-9158-903317D13A29}.Release|Any CPU.Build.0 = Release|Any CPU
		{D1886799-BB6E-459F-90E4-8B2E081D6DD4}.Debug|Any CPU.ActiveCfg = Debug|Any CPU
		{D1886799-BB6E-459F-90E4-8B2E081D6DD4}.Debug|Any CPU.Build.0 = Debug|Any CPU
		{D1886799-BB6E-459F-90E4-8B2E081D6DD4}.Release|Any CPU.ActiveCfg = Release|Any CPU
		{D1886799-BB6E-459F-90E4-8B2E081D6DD4}.Release|Any CPU.Build.0 = Release|Any CPU
		{55E40D73-C66A-42BF-83D7-0EEA015AC4CB}.Debug|Any CPU.ActiveCfg = Debug|Any CPU
		{55E40D73-C66A-42BF-83D7-0EEA015AC4CB}.Debug|Any CPU.Build.0 = Debug|Any CPU
		{55E40D73-C66A-42BF-83D7-0EEA015AC4CB}.Release|Any CPU.ActiveCfg = Release|Any CPU
		{55E40D73-C66A-42BF-83D7-0EEA015AC4CB}.Release|Any CPU.Build.0 = Release|Any CPU
		{1224C59E-A951-43C5-B80A-D56A947E696D}.Debug|Any CPU.ActiveCfg = Debug|Any CPU
		{1224C59E-A951-43C5-B80A-D56A947E696D}.Debug|Any CPU.Build.0 = Debug|Any CPU
		{1224C59E-A951-43C5-B80A-D56A947E696D}.Release|Any CPU.ActiveCfg = Release|Any CPU
		{1224C59E-A951-43C5-B80A-D56A947E696D}.Release|Any CPU.Build.0 = Release|Any CPU
		{EDD46301-C768-4935-82F2-7052B301EB48}.Debug|Any CPU.ActiveCfg = Debug|Any CPU
		{EDD46301-C768-4935-82F2-7052B301EB48}.Debug|Any CPU.Build.0 = Debug|Any CPU
		{EDD46301-C768-4935-82F2-7052B301EB48}.Release|Any CPU.ActiveCfg = Release|Any CPU
		{EDD46301-C768-4935-82F2-7052B301EB48}.Release|Any CPU.Build.0 = Release|Any CPU
		{AEE0309E-EA8B-4A78-BFBC-0B9B45842D4C}.Debug|Any CPU.ActiveCfg = Debug|Any CPU
		{AEE0309E-EA8B-4A78-BFBC-0B9B45842D4C}.Debug|Any CPU.Build.0 = Debug|Any CPU
		{AEE0309E-EA8B-4A78-BFBC-0B9B45842D4C}.Release|Any CPU.ActiveCfg = Release|Any CPU
		{AEE0309E-EA8B-4A78-BFBC-0B9B45842D4C}.Release|Any CPU.Build.0 = Release|Any CPU
		{4B230C2D-5AF9-4405-A253-C1C5097ED9BE}.Debug|Any CPU.ActiveCfg = Debug|Any CPU
		{4B230C2D-5AF9-4405-A253-C1C5097ED9BE}.Debug|Any CPU.Build.0 = Debug|Any CPU
		{4B230C2D-5AF9-4405-A253-C1C5097ED9BE}.Release|Any CPU.ActiveCfg = Release|Any CPU
		{4B230C2D-5AF9-4405-A253-C1C5097ED9BE}.Release|Any CPU.Build.0 = Release|Any CPU
		{284A8037-C526-4A88-BAE6-B62E29A7E8D0}.Debug|Any CPU.ActiveCfg = Debug|Any CPU
		{284A8037-C526-4A88-BAE6-B62E29A7E8D0}.Debug|Any CPU.Build.0 = Debug|Any CPU
		{284A8037-C526-4A88-BAE6-B62E29A7E8D0}.Release|Any CPU.ActiveCfg = Release|Any CPU
		{284A8037-C526-4A88-BAE6-B62E29A7E8D0}.Release|Any CPU.Build.0 = Release|Any CPU
	EndGlobalSection
	GlobalSection(SolutionProperties) = preSolution
		HideSolutionNode = FALSE
	EndGlobalSection
	GlobalSection(NestedProjects) = preSolution
		{4F841C22-7742-4B9F-8D71-CDEBD23B8D5A} = {87F5335F-266F-4C42-8A43-7E4E35F43068}
		{10F7097A-1F89-4CBF-8613-7ADD2DD19E39} = {E85B4787-04EA-46C5-878C-3E59A4AA97CB}
		{AC560C10-F6FD-4C90-9158-903317D13A29} = {F2CB716E-D858-48AD-BE7C-1BDB42E1961E}
		{D1886799-BB6E-459F-90E4-8B2E081D6DD4} = {F2CB716E-D858-48AD-BE7C-1BDB42E1961E}
		{55E40D73-C66A-42BF-83D7-0EEA015AC4CB} = {F2CB716E-D858-48AD-BE7C-1BDB42E1961E}
		{27245BD2-B9CB-45BA-BDE8-F06E99B16945} = {E85B4787-04EA-46C5-878C-3E59A4AA97CB}
		{1224C59E-A951-43C5-B80A-D56A947E696D} = {F2CB716E-D858-48AD-BE7C-1BDB42E1961E}
		{EDD46301-C768-4935-82F2-7052B301EB48} = {E85B4787-04EA-46C5-878C-3E59A4AA97CB}
		{AEE0309E-EA8B-4A78-BFBC-0B9B45842D4C} = {87F5335F-266F-4C42-8A43-7E4E35F43068}
		{849ACFFF-2C30-4DDC-B373-72EF1523407D} = {E85B4787-04EA-46C5-878C-3E59A4AA97CB}
		{52E9D9B0-85D3-4132-B299-5C4B52CA4979} = {E85B4787-04EA-46C5-878C-3E59A4AA97CB}
		{4B230C2D-5AF9-4405-A253-C1C5097ED9BE} = {849ACFFF-2C30-4DDC-B373-72EF1523407D}
		{284A8037-C526-4A88-BAE6-B62E29A7E8D0} = {27245BD2-B9CB-45BA-BDE8-F06E99B16945}
	EndGlobalSection
	GlobalSection(ExtensibilityGlobals) = postSolution
		SolutionGuid = {ED1AD911-798B-45AC-88A1-8E684A3F954A}
	EndGlobalSection
EndGlobal
